
Microsoft Visual Studio Solution File, Format Version 12.00
# Visual Studio Version 16
VisualStudioVersion = 16.0.35425.106
MinimumVisualStudioVersion = 10.0.40219.1
Project("{2150E333-8FDC-42A3-9474-1A3956D46DE8}") = "src", "src", "{1BCF9E37-3736-424C-B68A-FCF04F313273}"
EndProject
Project("{2150E333-8FDC-42A3-9474-1A3956D46DE8}") = "example", "example", "{2E6D1711-D931-47C3-856B-E69E95A15EE1}"
EndProject
Project("{FAE04EC0-301F-11D3-BF4B-00C04F79EFBC}") = "CustomBuildTasks", "src\CustomBuildTasks\CustomBuildTasks.csproj", "{871627AC-8801-4E43-BB68-3FFF0C75319D}"
EndProject
Project("{FAE04EC0-301F-11D3-BF4B-00C04F79EFBC}") = "ExampleProject", "example\ExampleProject\ExampleProject.csproj", "{8F1081E8-FDA4-4A91-A1C0-E341E76B9A73}"
EndProject
Global
	GlobalSection(SolutionConfigurationPlatforms) = preSolution
		Debug|Any CPU = Debug|Any CPU
		Release|Any CPU = Release|Any CPU
	EndGlobalSection
	GlobalSection(ProjectConfigurationPlatforms) = postSolution
		{871627AC-8801-4E43-BB68-3FFF0C75319D}.Debug|Any CPU.ActiveCfg = Debug|Any CPU
		{871627AC-8801-4E43-BB68-3FFF0C75319D}.Debug|Any CPU.Build.0 = Debug|Any CPU
		{871627AC-8801-4E43-BB68-3FFF0C75319D}.Release|Any CPU.ActiveCfg = Release|Any CPU
		{871627AC-8801-4E43-BB68-3FFF0C75319D}.Release|Any CPU.Build.0 = Release|Any CPU
		{8F1081E8-FDA4-4A91-A1C0-E341E76B9A73}.Debug|Any CPU.ActiveCfg = Debug|Any CPU
		{8F1081E8-FDA4-4A91-A1C0-E341E76B9A73}.Debug|Any CPU.Build.0 = Debug|Any CPU
		{8F1081E8-FDA4-4A91-A1C0-E341E76B9A73}.Release|Any CPU.ActiveCfg = Release|Any CPU
		{8F1081E8-FDA4-4A91-A1C0-E341E76B9A73}.Release|Any CPU.Build.0 = Release|Any CPU
	EndGlobalSection
	GlobalSection(SolutionProperties) = preSolution
		HideSolutionNode = FALSE
	EndGlobalSection
	GlobalSection(NestedProjects) = preSolution
		{871627AC-8801-4E43-BB68-3FFF0C75319D} = {1BCF9E37-3736-424C-B68A-FCF04F313273}
		{8F1081E8-FDA4-4A91-A1C0-E341E76B9A73} = {2E6D1711-D931-47C3-856B-E69E95A15EE1}
	EndGlobalSection
	GlobalSection(ExtensibilityGlobals) = postSolution
		SolutionGuid = {C3CF98B9-0639-4F31-AD7D-77ED4D53C981}
	EndGlobalSection
EndGlobal
